
Microsoft Visual Studio Solution File, Format Version 12.00
# Visual Studio 14
VisualStudioVersion = 14.0.25123.0
MinimumVisualStudioVersion = 10.0.40219.1
Project("{FAE04EC0-301F-11D3-BF4B-00C04F79EFBC}") = "FlooringMastery.UI", "FlooringMastery\FlooringMastery.UI.csproj", "{142618DA-20A8-4C2D-8DC5-D5817B99DD39}"
EndProject
Project("{FAE04EC0-301F-11D3-BF4B-00C04F79EFBC}") = "FlooringMastery.BLL", "FlooringMaster.BLL\FlooringMastery.BLL.csproj", "{C1198D3D-D8D6-41A7-BA6C-F35D2F6A2437}"
EndProject
Project("{FAE04EC0-301F-11D3-BF4B-00C04F79EFBC}") = "FlooringMastery.Models", "FlooringMastery.Models\FlooringMastery.Models.csproj", "{D757512C-5E4B-4DDD-8E80-A14738F6A89B}"
EndProject
Project("{FAE04EC0-301F-11D3-BF4B-00C04F79EFBC}") = "FlooringMastery.Data", "FlooringMastery.Data\FlooringMastery.Data.csproj", "{11259BA9-0478-494B-AEFF-933C3A9A607A}"
EndProject
Project("{FAE04EC0-301F-11D3-BF4B-00C04F79EFBC}") = "FlooringMastery.Tests", "FlooringMastery.Tests\FlooringMastery.Tests.csproj", "{B2A8AE90-8261-48BA-8FB3-9D712148CB7E}"
EndProject
Global
	GlobalSection(SolutionConfigurationPlatforms) = preSolution
		Debug|Any CPU = Debug|Any CPU
		Release|Any CPU = Release|Any CPU
	EndGlobalSection
	GlobalSection(ProjectConfigurationPlatforms) = postSolution
		{142618DA-20A8-4C2D-8DC5-D5817B99DD39}.Debug|Any CPU.ActiveCfg = Debug|Any CPU
		{142618DA-20A8-4C2D-8DC5-D5817B99DD39}.Debug|Any CPU.Build.0 = Debug|Any CPU
		{142618DA-20A8-4C2D-8DC5-D5817B99DD39}.Release|Any CPU.ActiveCfg = Release|Any CPU
		{142618DA-20A8-4C2D-8DC5-D5817B99DD39}.Release|Any CPU.Build.0 = Release|Any CPU
		{C1198D3D-D8D6-41A7-BA6C-F35D2F6A2437}.Debug|Any CPU.ActiveCfg = Debug|Any CPU
		{C1198D3D-D8D6-41A7-BA6C-F35D2F6A2437}.Debug|Any CPU.Build.0 = Debug|Any CPU
		{C1198D3D-D8D6-41A7-BA6C-F35D2F6A2437}.Release|Any CPU.ActiveCfg = Release|Any CPU
		{C1198D3D-D8D6-41A7-BA6C-F35D2F6A2437}.Release|Any CPU.Build.0 = Release|Any CPU
		{D757512C-5E4B-4DDD-8E80-A14738F6A89B}.Debug|Any CPU.ActiveCfg = Debug|Any CPU
		{D757512C-5E4B-4DDD-8E80-A14738F6A89B}.Debug|Any CPU.Build.0 = Debug|Any CPU
		{D757512C-5E4B-4DDD-8E80-A14738F6A89B}.Release|Any CPU.ActiveCfg = Release|Any CPU
		{D757512C-5E4B-4DDD-8E80-A14738F6A89B}.Release|Any CPU.Build.0 = Release|Any CPU
		{11259BA9-0478-494B-AEFF-933C3A9A607A}.Debug|Any CPU.ActiveCfg = Debug|Any CPU
		{11259BA9-0478-494B-AEFF-933C3A9A607A}.Debug|Any CPU.Build.0 = Debug|Any CPU
		{11259BA9-0478-494B-AEFF-933C3A9A607A}.Release|Any CPU.ActiveCfg = Release|Any CPU
		{11259BA9-0478-494B-AEFF-933C3A9A607A}.Release|Any CPU.Build.0 = Release|Any CPU
		{B2A8AE90-8261-48BA-8FB3-9D712148CB7E}.Debug|Any CPU.ActiveCfg = Debug|Any CPU
		{B2A8AE90-8261-48BA-8FB3-9D712148CB7E}.Debug|Any CPU.Build.0 = Debug|Any CPU
		{B2A8AE90-8261-48BA-8FB3-9D712148CB7E}.Release|Any CPU.ActiveCfg = Release|Any CPU
		{B2A8AE90-8261-48BA-8FB3-9D712148CB7E}.Release|Any CPU.Build.0 = Release|Any CPU
	EndGlobalSection
	GlobalSection(SolutionProperties) = preSolution
		HideSolutionNode = FALSE
	EndGlobalSection
EndGlobal
